{
  "nodes": {
    "home-manager": {
      "inputs": {
        "nixpkgs": [
          "nixpkgs"
        ]
      },
      "locked": {
        "lastModified": 1637249535,
        "narHash": "sha256-RCatEYQ+uqsZOZpN4ZOtSoO7CJTiQpHNdPjUA0jtejw=",
        "owner": "nix-community",
        "repo": "home-manager",
        "rev": "2452979efe92128b03e3c27567267066c2825fab",
        "type": "github"
      },
      "original": {
        "owner": "nix-community",
        "repo": "home-manager",
        "rev": "2452979efe92128b03e3c27567267066c2825fab",
        "type": "github"
      }
    },
    "nixpkgs": {
      "locked": {
        "lastModified": 1635094953,
        "narHash": "sha256-VSDwKg9SFaISHjLAGynVBgOntuqHTBcTqwKgwVL2mqo=",
        "owner": "NixOS",
        "repo": "nixpkgs",
        "rev": "5d517bc079f75fb400d6e9d6432938820c3013cf",
        "type": "github"
      },
      "original": {
        "owner": "NixOS",
        "repo": "nixpkgs",
        "rev": "5d517bc079f75fb400d6e9d6432938820c3013cf",
        "type": "github"
      }
    },
    "nur": {
      "locked": {
        "lastModified": 1635061961,
        "narHash": "sha256-5NqbwkGi4EGobrYZYqsWKjpfqCJn0dIn0NWj625RSKc=",
        "owner": "nix-community",
        "repo": "NUR",
        "rev": "f50850b1e860a87ae725bf9209fbdc6fb0a9657c",
        "type": "github"
      },
      "original": {
        "owner": "nix-community",
        "repo": "NUR",
        "rev": "f50850b1e860a87ae725bf9209fbdc6fb0a9657c",
        "type": "github"
      }
    },
    "root": {
      "inputs": {
        "home-manager": "home-manager",
        "nixpkgs": "nixpkgs",
        "nur": "nur"
      }
    }
  },
  "root": "root",
  "version": 7
}
