{
  "nodes": {
    "nixpkgs": {
      "locked": {
        "lastModified": 1633259794,
        "narHash": "sha256-WhE+26bGAy0khQUDRq45i9JRtBRzLbSxJIizJwJ4Cno=",
        "owner": "NixOS",
        "repo": "nixpkgs",
        "rev": "1b9dbf407cf8ab3502db9d884288de93d53351dc",
        "type": "github"
      },
      "original": {
        "owner": "NixOS",
        "repo": "nixpkgs",
        "rev": "1b9dbf407cf8ab3502db9d884288de93d53351dc",
        "type": "github"
      }
    },
    "nur": {
      "locked": {
        "lastModified": 1618507744,
        "narHash": "sha256-/xZ8hDZD/ZHhP93AGWdOJGxq1Cycup6OfAXcza8U9OY=",
        "owner": "nix-community",
        "repo": "NUR",
        "rev": "2ed3b8f5861313e9e8e8b39b1fb05f3a5a049325",
        "type": "github"
      },
      "original": {
        "owner": "nix-community",
        "repo": "NUR",
        "rev": "2ed3b8f5861313e9e8e8b39b1fb05f3a5a049325",
        "type": "github"
      }
    },
    "root": {
      "inputs": {
        "nixpkgs": "nixpkgs",
        "nur": "nur"
      }
    }
  },
  "root": "root",
  "version": 7
}
